lockfileVersion: 5.3

specifiers:
  '@babel/types': '*'
  iter-tools-es: ^7.3.1
  meriyah: ^4.2.1

dependencies:
  '@babel/types': 7.17.10
  iter-tools-es: 7.3.1

devDependencies:
  meriyah: 4.2.1

packages:

  /@babel/helper-validator-identifier/7.16.7:
    resolution: {integrity: sha512-hsEnFemeiW4D08A5gUAZxLBTXpZ39P+a+DGDsHw1yxqyQ/jzFEnxf5uTEGp+3bzAbNOxU1paTgYS4ECU/IgfDw==}
    engines: {node: '>=6.9.0'}
    dev: false

  /@babel/types/7.17.10:
    resolution: {integrity: sha512-9O26jG0mBYfGkUYCYZRnBwbVLd1UZOICEr2Em6InB6jVfsAv1GKgwXHmrSg+WFWDmeKTA6vyTZiN8tCSM5Oo3A==}
    engines: {node: '>=6.9.0'}
    dependencies:
      '@babel/helper-validator-identifier': 7.16.7
      to-fast-properties: 2.0.0
    dev: false

  /iter-tools-es/7.3.1:
    resolution: {integrity: sha512-U4e1sPxQUFE8a4QAH/+1jIj5rZkHKtXguq1p3oOOuKJIbUYI5h2gSXM6CpYHcN9Od7A6hkoHOzIPrJ9afkRM4Q==}
    dev: false

  /meriyah/4.2.1:
    resolution: {integrity: sha512-Uv5sWsmjFNC6IszEmHo5bzJLL+kqjQ/VrEj9Agqsqtx7B6dcxHnHLew1ioJD19HNXrxrRZltPi+NVh12I8RLXA==}
    engines: {node: '>=10.4.0'}
    dev: true

  /to-fast-properties/2.0.0:
    resolution: {integrity: sha1-3F5pjL0HkmW8c+A3doGk5Og/YW4=}
    engines: {node: '>=4'}
    dev: false
